
Microsoft Visual Studio Solution File, Format Version 12.00
# Visual Studio 14
VisualStudioVersion = 14.0.23107.0
MinimumVisualStudioVersion = 10.0.40219.1
Project("{FAE04EC0-301F-11D3-BF4B-00C04F79EFBC}") = "beyzaWindowsFormsApplication5", "beyzaWindowsFormsApplication5\beyzaWindowsFormsApplication5.csproj", "{3F59D7E9-06C8-435C-8290-271E19E7AEED}"
EndProject
Global
	GlobalSection(SolutionConfigurationPlatforms) = preSolution
		Debug|Any CPU = Debug|Any CPU
		Release|Any CPU = Release|Any CPU
	EndGlobalSection
	GlobalSection(ProjectConfigurationPlatforms) = postSolution
		{3F59D7E9-06C8-435C-8290-271E19E7AEED}.Debug|Any CPU.ActiveCfg = Debug|Any CPU
		{3F59D7E9-06C8-435C-8290-271E19E7AEED}.Debug|Any CPU.Build.0 = Debug|Any CPU
		{3F59D7E9-06C8-435C-8290-271E19E7AEED}.Release|Any CPU.ActiveCfg = Release|Any CPU
		{3F59D7E9-06C8-435C-8290-271E19E7AEED}.Release|Any CPU.Build.0 = Release|Any CPU
	EndGlobalSection
	GlobalSection(SolutionProperties) = preSolution
		HideSolutionNode = FALSE
	EndGlobalSection
EndGlobal
